
Microsoft Visual Studio Solution File, Format Version 12.00
# Visual Studio 15
VisualStudioVersion = 15.0.28307.168
MinimumVisualStudioVersion = 10.0.40219.1
Project("{FAE04EC0-301F-11D3-BF4B-00C04F79EFBC}") = "LibraryAppEntity", "LibraryAppEntity\LibraryAppEntity.csproj", "{03329279-FDC0-41DD-BFD2-DD72DEC5DECB}"
EndProject
Project("{FAE04EC0-301F-11D3-BF4B-00C04F79EFBC}") = "XmlSerialization", "XmlSerialization\XmlSerialization.csproj", "{42095B65-F412-466D-9265-AC83168A1AFE}"
EndProject
Project("{FAE04EC0-301F-11D3-BF4B-00C04F79EFBC}") = "JsonSerialization", "JsonSerialization\JsonSerialization.csproj", "{91AE59AD-D106-4AB1-B4FB-5F1E2C50736C}"
EndProject
Global
	GlobalSection(SolutionConfigurationPlatforms) = preSolution
		Debug|Any CPU = Debug|Any CPU
		Release|Any CPU = Release|Any CPU
	EndGlobalSection
	GlobalSection(ProjectConfigurationPlatforms) = postSolution
		{03329279-FDC0-41DD-BFD2-DD72DEC5DECB}.Debug|Any CPU.ActiveCfg = Debug|Any CPU
		{03329279-FDC0-41DD-BFD2-DD72DEC5DECB}.Debug|Any CPU.Build.0 = Debug|Any CPU
		{03329279-FDC0-41DD-BFD2-DD72DEC5DECB}.Release|Any CPU.ActiveCfg = Release|Any CPU
		{03329279-FDC0-41DD-BFD2-DD72DEC5DECB}.Release|Any CPU.Build.0 = Release|Any CPU
		{42095B65-F412-466D-9265-AC83168A1AFE}.Debug|Any CPU.ActiveCfg = Debug|Any CPU
		{42095B65-F412-466D-9265-AC83168A1AFE}.Debug|Any CPU.Build.0 = Debug|Any CPU
		{42095B65-F412-466D-9265-AC83168A1AFE}.Release|Any CPU.ActiveCfg = Release|Any CPU
		{42095B65-F412-466D-9265-AC83168A1AFE}.Release|Any CPU.Build.0 = Release|Any CPU
		{91AE59AD-D106-4AB1-B4FB-5F1E2C50736C}.Debug|Any CPU.ActiveCfg = Debug|Any CPU
		{91AE59AD-D106-4AB1-B4FB-5F1E2C50736C}.Debug|Any CPU.Build.0 = Debug|Any CPU
		{91AE59AD-D106-4AB1-B4FB-5F1E2C50736C}.Release|Any CPU.ActiveCfg = Release|Any CPU
		{91AE59AD-D106-4AB1-B4FB-5F1E2C50736C}.Release|Any CPU.Build.0 = Release|Any CPU
	EndGlobalSection
	GlobalSection(SolutionProperties) = preSolution
		HideSolutionNode = FALSE
	EndGlobalSection
	GlobalSection(ExtensibilityGlobals) = postSolution
		SolutionGuid = {5DDEB9CC-6EB6-4840-8AD4-C1011A7B9C8D}
	EndGlobalSection
EndGlobal
